
Microsoft Visual Studio Solution File, Format Version 12.00
# Visual Studio 15
Project("{FAE04EC0-301F-11D3-BF4B-00C04F79EFBC}") = "Brawler Balls", "Assembly-CSharp.csproj", "{17181A77-DD52-46B1-4E92-C61C36773529}"
EndProject
Project("{FAE04EC0-301F-11D3-BF4B-00C04F79EFBC}") = "Brawler Balls", "Assembly-CSharp-Editor.csproj", "{35A4FD33-7355-F870-AD5F-50B35AA8514A}"
EndProject
Global
	GlobalSection(SolutionConfigurationPlatforms) = preSolution
		Debug|Any CPU = Debug|Any CPU
		Release|Any CPU = Release|Any CPU
	EndGlobalSection
	GlobalSection(ProjectConfigurationPlatforms) = postSolution
		{17181A77-DD52-46B1-4E92-C61C36773529}.Debug|Any CPU.ActiveCfg = Debug|Any CPU
		{17181A77-DD52-46B1-4E92-C61C36773529}.Debug|Any CPU.Build.0 = Debug|Any CPU
		{17181A77-DD52-46B1-4E92-C61C36773529}.Release|Any CPU.ActiveCfg = Release|Any CPU
		{17181A77-DD52-46B1-4E92-C61C36773529}.Release|Any CPU.Build.0 = Release|Any CPU
		{35A4FD33-7355-F870-AD5F-50B35AA8514A}.Debug|Any CPU.ActiveCfg = Debug|Any CPU
		{35A4FD33-7355-F870-AD5F-50B35AA8514A}.Debug|Any CPU.Build.0 = Debug|Any CPU
		{35A4FD33-7355-F870-AD5F-50B35AA8514A}.Release|Any CPU.ActiveCfg = Release|Any CPU
		{35A4FD33-7355-F870-AD5F-50B35AA8514A}.Release|Any CPU.Build.0 = Release|Any CPU
	EndGlobalSection
	GlobalSection(SolutionProperties) = preSolution
		HideSolutionNode = FALSE
	EndGlobalSection
EndGlobal
